
Microsoft Visual Studio Solution File, Format Version 12.00
# Visual Studio Version 16
VisualStudioVersion = 16.0.31702.278
MinimumVisualStudioVersion = 10.0.40219.1
Project("{FAE04EC0-301F-11D3-BF4B-00C04F79EFBC}") = "FunctionAppOutoutNet5", "FunctionAppOutoutNet5\FunctionAppOutoutNet5.csproj", "{B4A97C6B-F95C-4CFF-A8B4-6F851C96F74C}"
EndProject
Global
	GlobalSection(SolutionConfigurationPlatforms) = preSolution
		Debug|Any CPU = Debug|Any CPU
		Release|Any CPU = Release|Any CPU
	EndGlobalSection
	GlobalSection(ProjectConfigurationPlatforms) = postSolution
		{B4A97C6B-F95C-4CFF-A8B4-6F851C96F74C}.Debug|Any CPU.ActiveCfg = Debug|Any CPU
		{B4A97C6B-F95C-4CFF-A8B4-6F851C96F74C}.Debug|Any CPU.Build.0 = Debug|Any CPU
		{B4A97C6B-F95C-4CFF-A8B4-6F851C96F74C}.Release|Any CPU.ActiveCfg = Release|Any CPU
		{B4A97C6B-F95C-4CFF-A8B4-6F851C96F74C}.Release|Any CPU.Build.0 = Release|Any CPU
	EndGlobalSection
	GlobalSection(SolutionProperties) = preSolution
		HideSolutionNode = FALSE
	EndGlobalSection
	GlobalSection(ExtensibilityGlobals) = postSolution
		SolutionGuid = {8785F794-F4F2-4C5F-9285-00A87AA4850A}
	EndGlobalSection
EndGlobal
